
Microsoft Visual Studio Solution File, Format Version 12.00
# Visual Studio Version 17
VisualStudioVersion = 17.5.33502.453
MinimumVisualStudioVersion = 10.0.40219.1
Project("{2150E333-8FDC-42A3-9474-1A3956D46DE8}") = "Internal", "Internal", "{47DB9EA8-2D6B-4C44-9C39-6A38ABC8FEF6}"
	ProjectSection(SolutionItems) = preProject
		Internal\.editorconfig = Internal\.editorconfig
	EndProjectSection
EndProject
Project("{2150E333-8FDC-42A3-9474-1A3956D46DE8}") = "Scripts", "Scripts", "{5EFBB6D8-7D53-48AD-8FEB-B12559F09F68}"
EndProject
Project("{2150E333-8FDC-42A3-9474-1A3956D46DE8}") = "Dlls", "Dlls", "{F14B7233-CD11-4661-9DBF-7506FBFED1AA}"
	ProjectSection(SolutionItems) = preProject
		Dlls\ABOUT.md = Dlls\ABOUT.md
	EndProjectSection
EndProject
Project("{2150E333-8FDC-42A3-9474-1A3956D46DE8}") = "CompanionFiles", "CompanionFiles", "{4343EC2B-8F8A-457C-AD8A-323F69096643}"
EndProject
Project("{2150E333-8FDC-42A3-9474-1A3956D46DE8}") = "Skyline DataMiner", "Skyline DataMiner", "{4705C5C5-F445-457C-9491-DFD5AD8501B5}"
	ProjectSection(SolutionItems) = preProject
		CompanionFiles\Skyline DataMiner\AboutThisFolder.md = CompanionFiles\Skyline DataMiner\AboutThisFolder.md
	EndProjectSection
EndProject
Project("{2150E333-8FDC-42A3-9474-1A3956D46DE8}") = "Documentation", "Documentation", "{0C9542A0-9B29-4D5A-BE04-EF828B9FF43D}"
	ProjectSection(SolutionItems) = preProject
		Documentation\ABOUT.md = Documentation\ABOUT.md
		README.md = README.md
	EndProjectSection
EndProject
Project("{2150E333-8FDC-42A3-9474-1A3956D46DE8}") = "Tests", "Tests", "{F8938D60-51A0-4880-9CFC-19C66379BB5D}"
EndProject
Project("{2150E333-8FDC-42A3-9474-1A3956D46DE8}") = "Code Analysis", "Code Analysis", "{A45633FD-E4A3-4069-8E0D-0950708A6328}"
	ProjectSection(SolutionItems) = preProject
		Internal\Code Analysis\qaction-debug.ruleset = Internal\Code Analysis\qaction-debug.ruleset
		Internal\Code Analysis\qaction-release.ruleset = Internal\Code Analysis\qaction-release.ruleset
		Internal\Code Analysis\stylecop.json = Internal\Code Analysis\stylecop.json
	EndProjectSection
EndProject
Project("{2150E333-8FDC-42A3-9474-1A3956D46DE8}") = "SCL-SL-CICD", "SCL-SL-CICD", "{FF3DE8A6-A39F-45C0-884D-DC22DFA056D4}"
	ProjectSection(SolutionItems) = preProject
		SCL-SL-CICD.xml = SCL-SL-CICD.xml
	EndProjectSection
EndProject
Project("{2150E333-8FDC-42A3-9474-1A3956D46DE8}") = "Actions", "Actions", "{5500CF67-BAED-4540-BA98-531036074E3A}"
EndProject
Project("{9A19103F-16F7-4668-BE54-9A1E7A4F7556}") = "SCL-SL-CICD_1", "SCL-SL-CICD_1\SCL-SL-CICD_1.csproj", "{08FA01C6-D49C-4026-8359-900CE03DD428}"
EndProject
Global
	GlobalSection(SolutionConfigurationPlatforms) = preSolution
		Debug|Any CPU = Debug|Any CPU
		Release|Any CPU = Release|Any CPU
	EndGlobalSection
	GlobalSection(ProjectConfigurationPlatforms) = postSolution
		{08FA01C6-D49C-4026-8359-900CE03DD428}.Debug|Any CPU.ActiveCfg = Debug|Any CPU
		{08FA01C6-D49C-4026-8359-900CE03DD428}.Debug|Any CPU.Build.0 = Debug|Any CPU
		{08FA01C6-D49C-4026-8359-900CE03DD428}.Release|Any CPU.ActiveCfg = Release|Any CPU
		{08FA01C6-D49C-4026-8359-900CE03DD428}.Release|Any CPU.Build.0 = Release|Any CPU
	EndGlobalSection
	GlobalSection(SolutionProperties) = preSolution
		HideSolutionNode = FALSE
	EndGlobalSection
	GlobalSection(NestedProjects) = preSolution
		{4705C5C5-F445-457C-9491-DFD5AD8501B5} = {4343EC2B-8F8A-457C-AD8A-323F69096643}
		{A45633FD-E4A3-4069-8E0D-0950708A6328} = {47DB9EA8-2D6B-4C44-9C39-6A38ABC8FEF6}
		{FF3DE8A6-A39F-45C0-884D-DC22DFA056D4} = {5EFBB6D8-7D53-48AD-8FEB-B12559F09F68}
		{5500CF67-BAED-4540-BA98-531036074E3A} = {FF3DE8A6-A39F-45C0-884D-DC22DFA056D4}
		{08FA01C6-D49C-4026-8359-900CE03DD428} = {5500CF67-BAED-4540-BA98-531036074E3A}
	EndGlobalSection
	GlobalSection(ExtensibilityGlobals) = postSolution
		SolutionGuid = {6438EE66-7CEC-4F53-A551-D8D0764F828B}
	EndGlobalSection
EndGlobal
